
Microsoft Visual Studio Solution File, Format Version 12.00
# Visual Studio Version 17
VisualStudioVersion = 17.0.31903.59
MinimumVisualStudioVersion = 10.0.40219.1
Project("{2150E333-8FDC-42A3-9474-1A3956D46DE8}") = "LeetCode", "LeetCode", "{3839457E-A4D2-EDDE-2D95-A020B8C0601A}"
EndProject
Project("{2150E333-8FDC-42A3-9474-1A3956D46DE8}") = "Easy", "Easy", "{6E45F70B-1D64-4126-96A9-3572FA780EEF}"
EndProject
Project("{2150E333-8FDC-42A3-9474-1A3956D46DE8}") = "1_TwoSum", "1_TwoSum", "{359AF5F1-472B-ACEF-DA07-8A07E4930C6D}"
EndProject
Project("{FAE04EC0-301F-11D3-BF4B-00C04F79EFBC}") = "TwoSumSolution", "LeetCode\Easy\1_TwoSum\TwoSumSolution\TwoSumSolution.csproj", "{2789FB61-7789-421D-98FE-9D39EAC1BCC8}"
EndProject
Global
	GlobalSection(SolutionConfigurationPlatforms) = preSolution
		Debug|Any CPU = Debug|Any CPU
		Debug|x64 = Debug|x64
		Debug|x86 = Debug|x86
		Release|Any CPU = Release|Any CPU
		Release|x64 = Release|x64
		Release|x86 = Release|x86
	EndGlobalSection
	GlobalSection(ProjectConfigurationPlatforms) = postSolution
		{2789FB61-7789-421D-98FE-9D39EAC1BCC8}.Debug|Any CPU.ActiveCfg = Debug|Any CPU
		{2789FB61-7789-421D-98FE-9D39EAC1BCC8}.Debug|Any CPU.Build.0 = Debug|Any CPU
		{2789FB61-7789-421D-98FE-9D39EAC1BCC8}.Debug|x64.ActiveCfg = Debug|Any CPU
		{2789FB61-7789-421D-98FE-9D39EAC1BCC8}.Debug|x64.Build.0 = Debug|Any CPU
		{2789FB61-7789-421D-98FE-9D39EAC1BCC8}.Debug|x86.ActiveCfg = Debug|Any CPU
		{2789FB61-7789-421D-98FE-9D39EAC1BCC8}.Debug|x86.Build.0 = Debug|Any CPU
		{2789FB61-7789-421D-98FE-9D39EAC1BCC8}.Release|Any CPU.ActiveCfg = Release|Any CPU
		{2789FB61-7789-421D-98FE-9D39EAC1BCC8}.Release|Any CPU.Build.0 = Release|Any CPU
		{2789FB61-7789-421D-98FE-9D39EAC1BCC8}.Release|x64.ActiveCfg = Release|Any CPU
		{2789FB61-7789-421D-98FE-9D39EAC1BCC8}.Release|x64.Build.0 = Release|Any CPU
		{2789FB61-7789-421D-98FE-9D39EAC1BCC8}.Release|x86.ActiveCfg = Release|Any CPU
		{2789FB61-7789-421D-98FE-9D39EAC1BCC8}.Release|x86.Build.0 = Release|Any CPU
	EndGlobalSection
	GlobalSection(SolutionProperties) = preSolution
		HideSolutionNode = FALSE
	EndGlobalSection
	GlobalSection(NestedProjects) = preSolution
		{6E45F70B-1D64-4126-96A9-3572FA780EEF} = {3839457E-A4D2-EDDE-2D95-A020B8C0601A}
		{359AF5F1-472B-ACEF-DA07-8A07E4930C6D} = {6E45F70B-1D64-4126-96A9-3572FA780EEF}
		{2789FB61-7789-421D-98FE-9D39EAC1BCC8} = {359AF5F1-472B-ACEF-DA07-8A07E4930C6D}
	EndGlobalSection
EndGlobal
